// !$*UTF8*$!
{
	archiveVersion = 1;
	classes = {
	};
	objectVersion = 46;
	objects = {

/* Begin PBXBuildFile section */
		4A56E8DD1D2A60D500E7B960 /* main.m in Sources */ = {isa = PBXBuildFile; fileRef = 4A56E8DC1D2A60D500E7B960 /* main.m */; };
		4A56E8E01D2A60D500E7B960 /* AppDelegate.m in Sources */ = {isa = PBXBuildFile; fileRef = 4A56E8DF1D2A60D500E7B960 /* AppDelegate.m */; };
		4A56E8E31D2A60D500E7B960 /* ViewController.m in Sources */ = {isa = PBXBuildFile; fileRef = 4A56E8E21D2A60D500E7B960 /* ViewController.m */; };
		4A56E8E61D2A60D500E7B960 /* Main.storyboard in Resources */ = {isa = PBXBuildFile; fileRef = 4A56E8E41D2A60D500E7B960 /* Main.storyboard */; };
		4A56E8E81D2A60D500E7B960 /* Assets.xcassets in Resources */ = {isa = PBXBuildFile; fileRef = 4A56E8E71D2A60D500E7B960 /* Assets.xcassets */; };
		4A56E8EB1D2A60D500E7B960 /* LaunchScreen.storyboard in Resources */ = {isa = PBXBuildFile; fileRef = 4A56E8E91D2A60D500E7B960 /* LaunchScreen.storyboard */; };
		4A56E8F61D2A60D500E7B960 /* learn_afn_3_0_Tests.m in Sources */ = {isa = PBXBuildFile; fileRef = 4A56E8F51D2A60D500E7B960 /* learn_afn_3_0_Tests.m */; };
		4A56E9011D2A60D500E7B960 /* learn_afn_3_0_UITests.m in Sources */ = {isa = PBXBuildFile; fileRef = 4A56E9001D2A60D500E7B960 /* learn_afn_3_0_UITests.m */; };
		4A56E9101D2A60EB00E7B960 /* Student.m in Sources */ = {isa = PBXBuildFile; fileRef = 4A56E90F1D2A60EB00E7B960 /* Student.m */; };
/* End PBXBuildFile section */

/* Begin PBXContainerItemProxy section */
		4A56E8F21D2A60D500E7B960 /* PBXContainerItemProxy */ = {
			isa = PBXContainerItemProxy;
			containerPortal = 4A56E8D01D2A60D500E7B960 /* Project object */;
			proxyType = 1;
			remoteGlobalIDString = 4A56E8D71D2A60D500E7B960;
			remoteInfo = "learn(afn.3.0)";
		};
		4A56E8FD1D2A60D500E7B960 /* PBXContainerItemProxy */ = {
			isa = PBXContainerItemProxy;
			containerPortal = 4A56E8D01D2A60D500E7B960 /* Project object */;
			proxyType = 1;
			remoteGlobalIDString = 4A56E8D71D2A60D500E7B960;
			remoteInfo = "learn(afn.3.0)";
		};
/* End PBXContainerItemProxy section */

/* Begin PBXFileReference section */
		4A56E8D81D2A60D500E7B960 /* learn(afn.3.0).app */ = {isa = PBXFileReference; explicitFileType = wrapper.application; includeInIndex = 0; path = "learn(afn.3.0).app"; sourceTree = BUILT_PRODUCTS_DIR; };
		4A56E8DC1D2A60D500E7B960 /* main.m */ = {isa = PBXFileReference; lastKnownFileType = sourcecode.c.objc; path = main.m; sourceTree = "<group>"; };
		4A56E8DE1D2A60D500E7B960 /* AppDelegate.h */ = {isa = PBXFileReference; lastKnownFileType = sourcecode.c.h; path = AppDelegate.h; sourceTree = "<group>"; };
		4A56E8DF1D2A60D500E7B960 /* AppDelegate.m */ = {isa = PBXFileReference; lastKnownFileType = sourcecode.c.objc; path = AppDelegate.m; sourceTree = "<group>"; };
		4A56E8E11D2A60D500E7B960 /* ViewController.h */ = {isa = PBXFileReference; lastKnownFileType = sourcecode.c.h; path = ViewController.h; sourceTree = "<group>"; };
		4A56E8E21D2A60D500E7B960 /* ViewController.m */ = {isa = PBXFileReference; lastKnownFileType = sourcecode.c.objc; path = ViewController.m; sourceTree = "<group>"; };
		4A56E8E51D2A60D500E7B960 /* Base */ = {isa = PBXFileReference; lastKnownFileType = file.storyboard; name = Base; path = Base.lproj/Main.storyboard; sourceTree = "<group>"; };
		4A56E8E71D2A60D500E7B960 /* Assets.xcassets */ = {isa = PBXFileReference; lastKnownFileType = folder.assetcatalog; path = Assets.xcassets; sourceTree = "<group>"; };
		4A56E8EA1D2A60D500E7B960 /* Base */ = {isa = PBXFileReference; lastKnownFileType = file.storyboard; name = Base; path = Base.lproj/LaunchScreen.storyboard; sourceTree = "<group>"; };
		4A56E8EC1D2A60D500E7B960 /* Info.plist */ = {isa = PBXFileReference; lastKnownFileType = text.plist.xml; path = Info.plist; sourceTree = "<group>"; };
		4A56E8F11D2A60D500E7B960 /* learn(afn.3.0)Tests.xctest */ = {isa = PBXFileReference; explicitFileType = wrapper.cfbundle; includeInIndex = 0; path = "learn(afn.3.0)Tests.xctest"; sourceTree = BUILT_PRODUCTS_DIR; };
		4A56E8F51D2A60D500E7B960 /* learn_afn_3_0_Tests.m */ = {isa = PBXFileReference; lastKnownFileType = sourcecode.c.objc; path = learn_afn_3_0_Tests.m; sourceTree = "<group>"; };
		4A56E8F71D2A60D500E7B960 /* Info.plist */ = {isa = PBXFileReference; lastKnownFileType = text.plist.xml; path = Info.plist; sourceTree = "<group>"; };
		4A56E8FC1D2A60D500E7B960 /* learn(afn.3.0)UITests.xctest */ = {isa = PBXFileReference; explicitFileType = wrapper.cfbundle; includeInIndex = 0; path = "learn(afn.3.0)UITests.xctest"; sourceTree = BUILT_PRODUCTS_DIR; };
		4A56E9001D2A60D500E7B960 /* learn_afn_3_0_UITests.m */ = {isa = PBXFileReference; lastKnownFileType = sourcecode.c.objc; path = learn_afn_3_0_UITests.m; sourceTree = "<group>"; };
		4A56E9021D2A60D500E7B960 /* Info.plist */ = {isa = PBXFileReference; lastKnownFileType = text.plist.xml; path = Info.plist; sourceTree = "<group>"; };
		4A56E90E1D2A60EB00E7B960 /* Student.h */ = {isa = PBXFileReference; fileEncoding = 4; lastKnownFileType = sourcecode.c.h; path = Student.h; sourceTree = "<group>"; };
		4A56E90F1D2A60EB00E7B960 /* Student.m */ = {isa = PBXFileReference; fileEncoding = 4; lastKnownFileType = sourcecode.c.objc; path = Student.m; sourceTree = "<group>"; };
/* End PBXFileReference section */

/* Begin PBXFrameworksBuildPhase section */
		4A56E8D51D2A60D500E7B960 /* Frameworks */ = {
			isa = PBXFrameworksBuildPhase;
			buildActionMask = 2147483647;
			files = (
			);
			runOnlyForDeploymentPostprocessing = 0;
		};
		4A56E8EE1D2A60D500E7B960 /* Frameworks */ = {
			isa = PBXFrameworksBuildPhase;
			buildActionMask = 2147483647;
			files = (
			);
			runOnlyForDeploymentPostprocessing = 0;
		};
		4A56E8F91D2A60D500E7B960 /* Frameworks */ = {
			isa = PBXFrameworksBuildPhase;
			buildActionMask = 2147483647;
			files = (
			);
			runOnlyForDeploymentPostprocessing = 0;
		};
/* End PBXFrameworksBuildPhase section */

/* Begin PBXGroup section */
		4A56E8CF1D2A60D500E7B960 = {
			isa = PBXGroup;
			children = (
				4A56E8DA1D2A60D500E7B960 /* learn(afn.3.0) */,
				4A56E8F41D2A60D500E7B960 /* learn(afn.3.0)Tests */,
				4A56E8FF1D2A60D500E7B960 /* learn(afn.3.0)UITests */,
				4A56E8D91D2A60D500E7B960 /* Products */,
			);
			sourceTree = "<group>";
		};
		4A56E8D91D2A60D500E7B960 /* Products */ = {
			isa = PBXGroup;
			children = (
				4A56E8D81D2A60D500E7B960 /* learn(afn.3.0).app */,
				4A56E8F11D2A60D500E7B960 /* learn(afn.3.0)Tests.xctest */,
				4A56E8FC1D2A60D500E7B960 /* learn(afn.3.0)UITests.xctest */,
			);
			name = Products;
			sourceTree = "<group>";
		};
		4A56E8DA1D2A60D500E7B960 /* learn(afn.3.0) */ = {
			isa = PBXGroup;
			children = (
				4A56E8DE1D2A60D500E7B960 /* AppDelegate.h */,
				4A56E8DF1D2A60D500E7B960 /* AppDelegate.m */,
				4A56E8E11D2A60D500E7B960 /* ViewController.h */,
				4A56E8E21D2A60D500E7B960 /* ViewController.m */,
				4A56E90E1D2A60EB00E7B960 /* Student.h */,
				4A56E90F1D2A60EB00E7B960 /* Student.m */,
				4A56E8E41D2A60D500E7B960 /* Main.storyboard */,
				4A56E8E71D2A60D500E7B960 /* Assets.xcassets */,
				4A56E8E91D2A60D500E7B960 /* LaunchScreen.storyboard */,
				4A56E8EC1D2A60D500E7B960 /* Info.plist */,
				4A56E8DB1D2A60D500E7B960 /* Supporting Files */,
			);
			path = "learn(afn.3.0)";
			sourceTree = "<group>";
		};
		4A56E8DB1D2A60D500E7B960 /* Supporting Files */ = {
			isa = PBXGroup;
			children = (
				4A56E8DC1D2A60D500E7B960 /* main.m */,
			);
			name = "Supporting Files";
			sourceTree = "<group>";
		};
		4A56E8F41D2A60D500E7B960 /* learn(afn.3.0)Tests */ = {
			isa = PBXGroup;
			children = (
				4A56E8F51D2A60D500E7B960 /* learn_afn_3_0_Tests.m */,
				4A56E8F71D2A60D500E7B960 /* Info.plist */,
			);
			path = "learn(afn.3.0)Tests";
			sourceTree = "<group>";
		};
		4A56E8FF1D2A60D500E7B960 /* learn(afn.3.0)UITests */ = {
			isa = PBXGroup;
			children = (
				4A56E9001D2A60D500E7B960 /* learn_afn_3_0_UITests.m */,
				4A56E9021D2A60D500E7B960 /* Info.plist */,
			);
			path = "learn(afn.3.0)UITests";
			sourceTree = "<group>";
		};
/* End PBXGroup section */

/* Begin PBXNativeTarget section */
		4A56E8D71D2A60D500E7B960 /* learn(afn.3.0) */ = {
			isa = PBXNativeTarget;
			buildConfigurationList = 4A56E9051D2A60D500E7B960 /* Build configuration list for PBXNativeTarget "learn(afn.3.0)" */;
			buildPhases = (
				4A56E8D41D2A60D500E7B960 /* Sources */,
				4A56E8D51D2A60D500E7B960 /* Frameworks */,
				4A56E8D61D2A60D500E7B960 /* Resources */,
			);
			buildRules = (
			);
			dependencies = (
			);
			name = "learn(afn.3.0)";
			productName = "learn(afn.3.0)";
			productReference = 4A56E8D81D2A60D500E7B960 /* learn(afn.3.0).app */;
			productType = "com.apple.product-type.application";
		};
		4A56E8F01D2A60D500E7B960 /* learn(afn.3.0)Tests */ = {
			isa = PBXNativeTarget;
			buildConfigurationList = 4A56E9081D2A60D500E7B960 /* Build configuration list for PBXNativeTarget "learn(afn.3.0)Tests" */;
			buildPhases = (
				4A56E8ED1D2A60D500E7B960 /* Sources */,
				4A56E8EE1D2A60D500E7B960 /* Frameworks */,
				4A56E8EF1D2A60D500E7B960 /* Resources */,
			);
			buildRules = (
			);
			dependencies = (
				4A56E8F31D2A60D500E7B960 /* PBXTargetDependency */,
			);
			name = "learn(afn.3.0)Tests";
			productName = "learn(afn.3.0)Tests";
			productReference = 4A56E8F11D2A60D500E7B960 /* learn(afn.3.0)Tests.xctest */;
			productType = "com.apple.product-type.bundle.unit-test";
		};
		4A56E8FB1D2A60D500E7B960 /* learn(afn.3.0)UITests */ = {
			isa = PBXNativeTarget;
			buildConfigurationList = 4A56E90B1D2A60D500E7B960 /* Build configuration list for PBXNativeTarget "learn(afn.3.0)UITests" */;
			buildPhases = (
				4A56E8F81D2A60D500E7B960 /* Sources */,
				4A56E8F91D2A60D500E7B960 /* Frameworks */,
				4A56E8FA1D2A60D500E7B960 /* Resources */,
			);
			buildRules = (
			);
			dependencies = (
				4A56E8FE1D2A60D500E7B960 /* PBXTargetDependency */,
			);
			name = "learn(afn.3.0)UITests";
			productName = "learn(afn.3.0)UITests";
			productReference = 4A56E8FC1D2A60D500E7B960 /* learn(afn.3.0)UITests.xctest */;
			productType = "com.apple.product-type.bundle.ui-testing";
		};
/* End PBXNativeTarget section */

/* Begin PBXProject section */
		4A56E8D01D2A60D500E7B960 /* Project object */ = {
			isa = PBXProject;
			attributes = {
				LastUpgradeCheck = 0720;
				ORGANIZATIONNAME = LK;
				TargetAttributes = {
					4A56E8D71D2A60D500E7B960 = {
						CreatedOnToolsVersion = 7.2.1;
					};
					4A56E8F01D2A60D500E7B960 = {
						CreatedOnToolsVersion = 7.2.1;
						TestTargetID = 4A56E8D71D2A60D500E7B960;
					};
					4A56E8FB1D2A60D500E7B960 = {
						CreatedOnToolsVersion = 7.2.1;
						TestTargetID = 4A56E8D71D2A60D500E7B960;
					};
				};
			};
			buildConfigurationList = 4A56E8D31D2A60D500E7B960 /* Build configuration list for PBXProject "learn(afn.3.0)" */;
			compatibilityVersion = "Xcode 3.2";
			developmentRegion = English;
			hasScannedForEncodings = 0;
			knownRegions = (
				en,
				Base,
			);
			mainGroup = 4A56E8CF1D2A60D500E7B960;
			productRefGroup = 4A56E8D91D2A60D500E7B960 /* Products */;
			projectDirPath = "";
			projectRoot = "";
			targets = (
				4A56E8D71D2A60D500E7B960 /* learn(afn.3.0) */,
				4A56E8F01D2A60D500E7B960 /* learn(afn.3.0)Tests */,
				4A56E8FB1D2A60D500E7B960 /* learn(afn.3.0)UITests */,
			);
		};
/* End PBXProject section */

/* Begin PBXResourcesBuildPhase section */
		4A56E8D61D2A60D500E7B960 /* Resources */ = {
			isa = PBXResourcesBuildPhase;
			buildActionMask = 2147483647;
			files = (
				4A56E8EB1D2A60D500E7B960 /* LaunchScreen.storyboard in Resources */,
				4A56E8E81D2A60D500E7B960 /* Assets.xcassets in Resources */,
				4A56E8E61D2A60D500E7B960 /* Main.storyboard in Resources */,
			);
			runOnlyForDeploymentPostprocessing = 0;
		};
		4A56E8EF1D2A60D500E7B960 /* Resources */ = {
			isa = PBXResourcesBuildPhase;
			buildActionMask = 2147483647;
			files = (
			);
			runOnlyForDeploymentPostprocessing = 0;
		};
		4A56E8FA1D2A60D500E7B960 /* Resources */ = {
			isa = PBXResourcesBuildPhase;
			buildActionMask = 2147483647;
			files = (
			);
			runOnlyForDeploymentPostprocessing = 0;
		};
/* End PBXResourcesBuildPhase section */

/* Begin PBXSourcesBuildPhase section */
		4A56E8D41D2A60D500E7B960 /* Sources */ = {
			isa = PBXSourcesBuildPhase;
			buildActionMask = 2147483647;
			files = (
				4A56E8E31D2A60D500E7B960 /* ViewController.m in Sources */,
				4A56E8E01D2A60D500E7B960 /* AppDelegate.m in Sources */,
				4A56E8DD1D2A60D500E7B960 /* main.m in Sources */,
				4A56E9101D2A60EB00E7B960 /* Student.m in Sources */,
			);
			runOnlyForDeploymentPostprocessing = 0;
		};
		4A56E8ED1D2A60D500E7B960 /* Sources */ = {
			isa = PBXSourcesBuildPhase;
			buildActionMask = 2147483647;
			files = (
				4A56E8F61D2A60D500E7B960 /* learn_afn_3_0_Tests.m in Sources */,
			);
			runOnlyForDeploymentPostprocessing = 0;
		};
		4A56E8F81D2A60D500E7B960 /* Sources */ = {
			isa = PBXSourcesBuildPhase;
			buildActionMask = 2147483647;
			files = (
				4A56E9011D2A60D500E7B960 /* learn_afn_3_0_UITests.m in Sources */,
			);
			runOnlyForDeploymentPostprocessing = 0;
		};
/* End PBXSourcesBuildPhase section */

/* Begin PBXTargetDependency section */
		4A56E8F31D2A60D500E7B960 /* PBXTargetDependency */ = {
			isa = PBXTargetDependency;
			target = 4A56E8D71D2A60D500E7B960 /* learn(afn.3.0) */;
			targetProxy = 4A56E8F21D2A60D500E7B960 /* PBXContainerItemProxy */;
		};
		4A56E8FE1D2A60D500E7B960 /* PBXTargetDependency */ = {
			isa = PBXTargetDependency;
			target = 4A56E8D71D2A60D500E7B960 /* learn(afn.3.0) */;
			targetProxy = 4A56E8FD1D2A60D500E7B960 /* PBXContainerItemProxy */;
		};
/* End PBXTargetDependency section */

/* Begin PBXVariantGroup section */
		4A56E8E41D2A60D500E7B960 /* Main.storyboard */ = {
			isa = PBXVariantGroup;
			children = (
				4A56E8E51D2A60D500E7B960 /* Base */,
			);
			name = Main.storyboard;
			sourceTree = "<group>";
		};
		4A56E8E91D2A60D500E7B960 /* LaunchScreen.storyboard */ = {
			isa = PBXVariantGroup;
			children = (
				4A56E8EA1D2A60D500E7B960 /* Base */,
			);
			name = LaunchScreen.storyboard;
			sourceTree = "<group>";
		};
/* End PBXVariantGroup section */

/* Begin XCBuildConfiguration section */
		4A56E9031D2A60D500E7B960 /* Debug */ = {
			isa = XCBuildConfiguration;
			buildSettings = {
				ALWAYS_SEARCH_USER_PATHS = NO;
				CLANG_CXX_LANGUAGE_STANDARD = "gnu++0x";
				CLANG_CXX_LIBRARY = "libc++";
				CLANG_ENABLE_MODULES = YES;
				CLANG_ENABLE_OBJC_ARC = YES;
				CLANG_WARN_BOOL_CONVERSION = YES;
				CLANG_WARN_CONSTANT_CONVERSION = YES;
				CLANG_WARN_DIRECT_OBJC_ISA_USAGE = YES_ERROR;
				CLANG_WARN_EMPTY_BODY = YES;
				CLANG_WARN_ENUM_CONVERSION = YES;
				CLANG_WARN_INT_CONVERSION = YES;
				CLANG_WARN_OBJC_ROOT_CLASS = YES_ERROR;
				CLANG_WARN_UNREACHABLE_CODE = YES;
				CLANG_WARN__DUPLICATE_METHOD_MATCH = YES;
				"CODE_SIGN_IDENTITY[sdk=iphoneos*]" = "iPhone Developer";
				COPY_PHASE_STRIP = NO;
				DEBUG_INFORMATION_FORMAT = dwarf;
				ENABLE_STRICT_OBJC_MSGSEND = YES;
				ENABLE_TESTABILITY = YES;
				GCC_C_LANGUAGE_STANDARD = gnu99;
				GCC_DYNAMIC_NO_PIC = NO;
				GCC_NO_COMMON_BLOCKS = YES;
				GCC_OPTIMIZATION_LEVEL = 0;
				GCC_PREPROCESSOR_DEFINITIONS = (
					"DEBUG=1",
					"$(inherited)",
				);
				GCC_WARN_64_TO_32_BIT_CONVERSION = YES;
				GCC_WARN_ABOUT_RETURN_TYPE = YES_ERROR;
				GCC_WARN_UNDECLARED_SELECTOR = YES;
				GCC_WARN_UNINITIALIZED_AUTOS = YES_AGGRESSIVE;
				GCC_WARN_UNUSED_FUNCTION = YES;
				GCC_WARN_UNUSED_VARIABLE = YES;
				IPHONEOS_DEPLOYMENT_TARGET = 9.2;
				MTL_ENABLE_DEBUG_INFO = YES;
				ONLY_ACTIVE_ARCH = YES;
				SDKROOT = iphoneos;
				TARGETED_DEVICE_FAMILY = "1,2";
			};
			name = Debug;
		};
		4A56E9041D2A60D500E7B960 /* Release */ = {
			isa = XCBuildConfiguration;
			buildSettings = {
				ALWAYS_SEARCH_USER_PATHS = NO;
				CLANG_CXX_LANGUAGE_STANDARD = "gnu++0x";
				CLANG_CXX_LIBRARY = "libc++";
				CLANG_ENABLE_MODULES = YES;
				CLANG_ENABLE_OBJC_ARC = YES;
				CLANG_WARN_BOOL_CONVERSION = YES;
				CLANG_WARN_CONSTANT_CONVERSION = YES;
				CLANG_WARN_DIRECT_OBJC_ISA_USAGE = YES_ERROR;
				CLANG_WARN_EMPTY_BODY = YES;
				CLANG_WARN_ENUM_CONVERSION = YES;
				CLANG_WARN_INT_CONVERSION = YES;
				CLANG_WARN_OBJC_ROOT_CLASS = YES_ERROR;
				CLANG_WARN_UNREACHABLE_CODE = YES;
				CLANG_WARN__DUPLICATE_METHOD_MATCH = YES;
				"CODE_SIGN_IDENTITY[sdk=iphoneos*]" = "iPhone Developer";
				COPY_PHASE_STRIP = NO;
				DEBUG_INFORMATION_FORMAT = "dwarf-with-dsym";
				ENABLE_NS_ASSERTIONS = NO;
				ENABLE_STRICT_OBJC_MSGSEND = YES;
				GCC_C_LANGUAGE_STANDARD = gnu99;
				GCC_NO_COMMON_BLOCKS = YES;
				GCC_WARN_64_TO_32_BIT_CONVERSION = YES;
				GCC_WARN_ABOUT_RETURN_TYPE = YES_ERROR;
				GCC_WARN_UNDECLARED_SELECTOR = YES;
				GCC_WARN_UNINITIALIZED_AUTOS = YES_AGGRESSIVE;
				GCC_WARN_UNUSED_FUNCTION = YES;
				GCC_WARN_UNUSED_VARIABLE = YES;
				IPHONEOS_DEPLOYMENT_TARGET = 9.2;
				MTL_ENABLE_DEBUG_INFO = NO;
				SDKROOT = iphoneos;
				TARGETED_DEVICE_FAMILY = "1,2";
				VALIDATE_PRODUCT = YES;
			};
			name = Release;
		};
		4A56E9061D2A60D500E7B960 /* Debug */ = {
			isa = XCBuildConfiguration;
			buildSettings = {
				ASSETCATALOG_COMPILER_APPICON_NAME = AppIcon;
				INFOPLIST_FILE = "learn(afn.3.0)/Info.plist";
				LD_RUNPATH_SEARCH_PATHS = "$(inherited) @executable_path/Frameworks";
				PRODUCT_BUNDLE_IDENTIFIER = "com.lk.learn-afn-3-0-";
				PRODUCT_NAME = "$(TARGET_NAME)";
			};
			name = Debug;
		};
		4A56E9071D2A60D500E7B960 /* Release */ = {
			isa = XCBuildConfiguration;
			buildSettings = {
				ASSETCATALOG_COMPILER_APPICON_NAME = AppIcon;
				INFOPLIST_FILE = "learn(afn.3.0)/Info.plist";
				LD_RUNPATH_SEARCH_PATHS = "$(inherited) @executable_path/Frameworks";
				PRODUCT_BUNDLE_IDENTIFIER = "com.lk.learn-afn-3-0-";
				PRODUCT_NAME = "$(TARGET_NAME)";
			};
			name = Release;
		};
		4A56E9091D2A60D500E7B960 /* Debug */ = {
			isa = XCBuildConfiguration;
			buildSettings = {
				BUNDLE_LOADER = "$(TEST_HOST)";
				INFOPLIST_FILE = "learn(afn.3.0)Tests/Info.plist";
				LD_RUNPATH_SEARCH_PATHS = "$(inherited) @executable_path/Frameworks @loader_path/Frameworks";
				PRODUCT_BUNDLE_IDENTIFIER = "com.lk.learn-afn-3-0-Tests";
				PRODUCT_NAME = "$(TARGET_NAME)";
				TEST_HOST = "$(BUILT_PRODUCTS_DIR)/learn(afn.3.0).app/learn(afn.3.0)";
			};
			name = Debug;
		};
		4A56E90A1D2A60D500E7B960 /* Release */ = {
			isa = XCBuildConfiguration;
			buildSettings = {
				BUNDLE_LOADER = "$(TEST_HOST)";
				INFOPLIST_FILE = "learn(afn.3.0)Tests/Info.plist";
				LD_RUNPATH_SEARCH_PATHS = "$(inherited) @executable_path/Frameworks @loader_path/Frameworks";
				PRODUCT_BUNDLE_IDENTIFIER = "com.lk.learn-afn-3-0-Tests";
				PRODUCT_NAME = "$(TARGET_NAME)";
				TEST_HOST = "$(BUILT_PRODUCTS_DIR)/learn(afn.3.0).app/learn(afn.3.0)";
			};
			name = Release;
		};
		4A56E90C1D2A60D500E7B960 /* Debug */ = {
			isa = XCBuildConfiguration;
			buildSettings = {
				INFOPLIST_FILE = "learn(afn.3.0)UITests/Info.plist";
				LD_RUNPATH_SEARCH_PATHS = "$(inherited) @executable_path/Frameworks @loader_path/Frameworks";
				PRODUCT_BUNDLE_IDENTIFIER = "com.lk.learn-afn-3-0-UITests";
				PRODUCT_NAME = "$(TARGET_NAME)";
				TEST_TARGET_NAME = "learn(afn.3.0)";
				USES_XCTRUNNER = YES;
			};
			name = Debug;
		};
		4A56E90D1D2A60D500E7B960 /* Release */ = {
			isa = XCBuildConfiguration;
			buildSettings = {
				INFOPLIST_FILE = "learn(afn.3.0)UITests/Info.plist";
				LD_RUNPATH_SEARCH_PATHS = "$(inherited) @executable_path/Frameworks @loader_path/Frameworks";
				PRODUCT_BUNDLE_IDENTIFIER = "com.lk.learn-afn-3-0-UITests";
				PRODUCT_NAME = "$(TARGET_NAME)";
				TEST_TARGET_NAME = "learn(afn.3.0)";
				USES_XCTRUNNER = YES;
			};
			name = Release;
		};
/* End XCBuildConfiguration section */

/* Begin XCConfigurationList section */
		4A56E8D31D2A60D500E7B960 /* Build configuration list for PBXProject "learn(afn.3.0)" */ = {
			isa = XCConfigurationList;
			buildConfigurations = (
				4A56E9031D2A60D500E7B960 /* Debug */,
				4A56E9041D2A60D500E7B960 /* Release */,
			);
			defaultConfigurationIsVisible = 0;
			defaultConfigurationName = Release;
		};
		4A56E9051D2A60D500E7B960 /* Build configuration list for PBXNativeTarget "learn(afn.3.0)" */ = {
			isa = XCConfigurationList;
			buildConfigurations = (
				4A56E9061D2A60D500E7B960 /* Debug */,
				4A56E9071D2A60D500E7B960 /* Release */,
			);
			defaultConfigurationIsVisible = 0;
		};
		4A56E9081D2A60D500E7B960 /* Build configuration list for PBXNativeTarget "learn(afn.3.0)Tests" */ = {
			isa = XCConfigurationList;
			buildConfigurations = (
				4A56E9091D2A60D500E7B960 /* Debug */,
				4A56E90A1D2A60D500E7B960 /* Release */,
			);
			defaultConfigurationIsVisible = 0;
		};
		4A56E90B1D2A60D500E7B960 /* Build configuration list for PBXNativeTarget "learn(afn.3.0)UITests" */ = {
			isa = XCConfigurationList;
			buildConfigurations = (
				4A56E90C1D2A60D500E7B960 /* Debug */,
				4A56E90D1D2A60D500E7B960 /* Release */,
			);
			defaultConfigurationIsVisible = 0;
		};
/* End XCConfigurationList section */
	};
	rootObject = 4A56E8D01D2A60D500E7B960 /* Project object */;
}
