// !$*UTF8*$!
{
	archiveVersion = 1;
	classes = {
	};
	objectVersion = 46;
	objects = {

/* Begin PBXBuildFile section */
		4A15A5ED1D0FAE2F00A70322 /* AppDelegate.swift in Sources */ = {isa = PBXBuildFile; fileRef = 4A15A5EC1D0FAE2F00A70322 /* AppDelegate.swift */; };
		4A15A5EF1D0FAE2F00A70322 /* ViewController.swift in Sources */ = {isa = PBXBuildFile; fileRef = 4A15A5EE1D0FAE2F00A70322 /* ViewController.swift */; };
		4A15A5F21D0FAE2F00A70322 /* Main.storyboard in Resources */ = {isa = PBXBuildFile; fileRef = 4A15A5F01D0FAE2F00A70322 /* Main.storyboard */; };
		4A15A5F41D0FAE2F00A70322 /* Assets.xcassets in Resources */ = {isa = PBXBuildFile; fileRef = 4A15A5F31D0FAE2F00A70322 /* Assets.xcassets */; };
		4A15A5F71D0FAE2F00A70322 /* LaunchScreen.storyboard in Resources */ = {isa = PBXBuildFile; fileRef = 4A15A5F51D0FAE2F00A70322 /* LaunchScreen.storyboard */; };
		4A15A6021D0FAE2F00A70322 /* ___swiftTests.swift in Sources */ = {isa = PBXBuildFile; fileRef = 4A15A6011D0FAE2F00A70322 /* ___swiftTests.swift */; };
		4A15A60D1D0FAE3000A70322 /* ___swiftUITests.swift in Sources */ = {isa = PBXBuildFile; fileRef = 4A15A60C1D0FAE3000A70322 /* ___swiftUITests.swift */; };
/* End PBXBuildFile section */

/* Begin PBXContainerItemProxy section */
		4A15A5FE1D0FAE2F00A70322 /* PBXContainerItemProxy */ = {
			isa = PBXContainerItemProxy;
			containerPortal = 4A15A5E11D0FAE2F00A70322 /* Project object */;
			proxyType = 1;
			remoteGlobalIDString = 4A15A5E81D0FAE2F00A70322;
			remoteInfo = "属性_swift";
		};
		4A15A6091D0FAE3000A70322 /* PBXContainerItemProxy */ = {
			isa = PBXContainerItemProxy;
			containerPortal = 4A15A5E11D0FAE2F00A70322 /* Project object */;
			proxyType = 1;
			remoteGlobalIDString = 4A15A5E81D0FAE2F00A70322;
			remoteInfo = "属性_swift";
		};
/* End PBXContainerItemProxy section */

/* Begin PBXFileReference section */
		4A15A5E91D0FAE2F00A70322 /* 属性_swift.app */ = {isa = PBXFileReference; explicitFileType = wrapper.application; includeInIndex = 0; path = "属性_swift.app"; sourceTree = BUILT_PRODUCTS_DIR; };
		4A15A5EC1D0FAE2F00A70322 /* AppDelegate.swift */ = {isa = PBXFileReference; lastKnownFileType = sourcecode.swift; path = AppDelegate.swift; sourceTree = "<group>"; };
		4A15A5EE1D0FAE2F00A70322 /* ViewController.swift */ = {isa = PBXFileReference; lastKnownFileType = sourcecode.swift; path = ViewController.swift; sourceTree = "<group>"; };
		4A15A5F11D0FAE2F00A70322 /* Base */ = {isa = PBXFileReference; lastKnownFileType = file.storyboard; name = Base; path = Base.lproj/Main.storyboard; sourceTree = "<group>"; };
		4A15A5F31D0FAE2F00A70322 /* Assets.xcassets */ = {isa = PBXFileReference; lastKnownFileType = folder.assetcatalog; path = Assets.xcassets; sourceTree = "<group>"; };
		4A15A5F61D0FAE2F00A70322 /* Base */ = {isa = PBXFileReference; lastKnownFileType = file.storyboard; name = Base; path = Base.lproj/LaunchScreen.storyboard; sourceTree = "<group>"; };
		4A15A5F81D0FAE2F00A70322 /* Info.plist */ = {isa = PBXFileReference; lastKnownFileType = text.plist.xml; path = Info.plist; sourceTree = "<group>"; };
		4A15A5FD1D0FAE2F00A70322 /* 属性_swiftTests.xctest */ = {isa = PBXFileReference; explicitFileType = wrapper.cfbundle; includeInIndex = 0; path = "属性_swiftTests.xctest"; sourceTree = BUILT_PRODUCTS_DIR; };
		4A15A6011D0FAE2F00A70322 /* ___swiftTests.swift */ = {isa = PBXFileReference; lastKnownFileType = sourcecode.swift; path = "___swiftTests.swift"; sourceTree = "<group>"; };
		4A15A6031D0FAE2F00A70322 /* Info.plist */ = {isa = PBXFileReference; lastKnownFileType = text.plist.xml; path = Info.plist; sourceTree = "<group>"; };
		4A15A6081D0FAE3000A70322 /* 属性_swiftUITests.xctest */ = {isa = PBXFileReference; explicitFileType = wrapper.cfbundle; includeInIndex = 0; path = "属性_swiftUITests.xctest"; sourceTree = BUILT_PRODUCTS_DIR; };
		4A15A60C1D0FAE3000A70322 /* ___swiftUITests.swift */ = {isa = PBXFileReference; lastKnownFileType = sourcecode.swift; path = "___swiftUITests.swift"; sourceTree = "<group>"; };
		4A15A60E1D0FAE3000A70322 /* Info.plist */ = {isa = PBXFileReference; lastKnownFileType = text.plist.xml; path = Info.plist; sourceTree = "<group>"; };
/* End PBXFileReference section */

/* Begin PBXFrameworksBuildPhase section */
		4A15A5E61D0FAE2F00A70322 /* Frameworks */ = {
			isa = PBXFrameworksBuildPhase;
			buildActionMask = 2147483647;
			files = (
			);
			runOnlyForDeploymentPostprocessing = 0;
		};
		4A15A5FA1D0FAE2F00A70322 /* Frameworks */ = {
			isa = PBXFrameworksBuildPhase;
			buildActionMask = 2147483647;
			files = (
			);
			runOnlyForDeploymentPostprocessing = 0;
		};
		4A15A6051D0FAE3000A70322 /* Frameworks */ = {
			isa = PBXFrameworksBuildPhase;
			buildActionMask = 2147483647;
			files = (
			);
			runOnlyForDeploymentPostprocessing = 0;
		};
/* End PBXFrameworksBuildPhase section */

/* Begin PBXGroup section */
		4A15A5E01D0FAE2F00A70322 = {
			isa = PBXGroup;
			children = (
				4A15A5EB1D0FAE2F00A70322 /* 属性_swift */,
				4A15A6001D0FAE2F00A70322 /* 属性_swiftTests */,
				4A15A60B1D0FAE3000A70322 /* 属性_swiftUITests */,
				4A15A5EA1D0FAE2F00A70322 /* Products */,
			);
			sourceTree = "<group>";
		};
		4A15A5EA1D0FAE2F00A70322 /* Products */ = {
			isa = PBXGroup;
			children = (
				4A15A5E91D0FAE2F00A70322 /* 属性_swift.app */,
				4A15A5FD1D0FAE2F00A70322 /* 属性_swiftTests.xctest */,
				4A15A6081D0FAE3000A70322 /* 属性_swiftUITests.xctest */,
			);
			name = Products;
			sourceTree = "<group>";
		};
		4A15A5EB1D0FAE2F00A70322 /* 属性_swift */ = {
			isa = PBXGroup;
			children = (
				4A15A5EC1D0FAE2F00A70322 /* AppDelegate.swift */,
				4A15A5EE1D0FAE2F00A70322 /* ViewController.swift */,
				4A15A5F01D0FAE2F00A70322 /* Main.storyboard */,
				4A15A5F31D0FAE2F00A70322 /* Assets.xcassets */,
				4A15A5F51D0FAE2F00A70322 /* LaunchScreen.storyboard */,
				4A15A5F81D0FAE2F00A70322 /* Info.plist */,
			);
			path = "属性_swift";
			sourceTree = "<group>";
		};
		4A15A6001D0FAE2F00A70322 /* 属性_swiftTests */ = {
			isa = PBXGroup;
			children = (
				4A15A6011D0FAE2F00A70322 /* ___swiftTests.swift */,
				4A15A6031D0FAE2F00A70322 /* Info.plist */,
			);
			path = "属性_swiftTests";
			sourceTree = "<group>";
		};
		4A15A60B1D0FAE3000A70322 /* 属性_swiftUITests */ = {
			isa = PBXGroup;
			children = (
				4A15A60C1D0FAE3000A70322 /* ___swiftUITests.swift */,
				4A15A60E1D0FAE3000A70322 /* Info.plist */,
			);
			path = "属性_swiftUITests";
			sourceTree = "<group>";
		};
/* End PBXGroup section */

/* Begin PBXNativeTarget section */
		4A15A5E81D0FAE2F00A70322 /* 属性_swift */ = {
			isa = PBXNativeTarget;
			buildConfigurationList = 4A15A6111D0FAE3000A70322 /* Build configuration list for PBXNativeTarget "属性_swift" */;
			buildPhases = (
				4A15A5E51D0FAE2F00A70322 /* Sources */,
				4A15A5E61D0FAE2F00A70322 /* Frameworks */,
				4A15A5E71D0FAE2F00A70322 /* Resources */,
			);
			buildRules = (
			);
			dependencies = (
			);
			name = "属性_swift";
			productName = "属性_swift";
			productReference = 4A15A5E91D0FAE2F00A70322 /* 属性_swift.app */;
			productType = "com.apple.product-type.application";
		};
		4A15A5FC1D0FAE2F00A70322 /* 属性_swiftTests */ = {
			isa = PBXNativeTarget;
			buildConfigurationList = 4A15A6141D0FAE3000A70322 /* Build configuration list for PBXNativeTarget "属性_swiftTests" */;
			buildPhases = (
				4A15A5F91D0FAE2F00A70322 /* Sources */,
				4A15A5FA1D0FAE2F00A70322 /* Frameworks */,
				4A15A5FB1D0FAE2F00A70322 /* Resources */,
			);
			buildRules = (
			);
			dependencies = (
				4A15A5FF1D0FAE2F00A70322 /* PBXTargetDependency */,
			);
			name = "属性_swiftTests";
			productName = "属性_swiftTests";
			productReference = 4A15A5FD1D0FAE2F00A70322 /* 属性_swiftTests.xctest */;
			productType = "com.apple.product-type.bundle.unit-test";
		};
		4A15A6071D0FAE3000A70322 /* 属性_swiftUITests */ = {
			isa = PBXNativeTarget;
			buildConfigurationList = 4A15A6171D0FAE3000A70322 /* Build configuration list for PBXNativeTarget "属性_swiftUITests" */;
			buildPhases = (
				4A15A6041D0FAE3000A70322 /* Sources */,
				4A15A6051D0FAE3000A70322 /* Frameworks */,
				4A15A6061D0FAE3000A70322 /* Resources */,
			);
			buildRules = (
			);
			dependencies = (
				4A15A60A1D0FAE3000A70322 /* PBXTargetDependency */,
			);
			name = "属性_swiftUITests";
			productName = "属性_swiftUITests";
			productReference = 4A15A6081D0FAE3000A70322 /* 属性_swiftUITests.xctest */;
			productType = "com.apple.product-type.bundle.ui-testing";
		};
/* End PBXNativeTarget section */

/* Begin PBXProject section */
		4A15A5E11D0FAE2F00A70322 /* Project object */ = {
			isa = PBXProject;
			attributes = {
				LastSwiftUpdateCheck = 0720;
				LastUpgradeCheck = 0720;
				ORGANIZATIONNAME = LK;
				TargetAttributes = {
					4A15A5E81D0FAE2F00A70322 = {
						CreatedOnToolsVersion = 7.2.1;
					};
					4A15A5FC1D0FAE2F00A70322 = {
						CreatedOnToolsVersion = 7.2.1;
						TestTargetID = 4A15A5E81D0FAE2F00A70322;
					};
					4A15A6071D0FAE3000A70322 = {
						CreatedOnToolsVersion = 7.2.1;
						TestTargetID = 4A15A5E81D0FAE2F00A70322;
					};
				};
			};
			buildConfigurationList = 4A15A5E41D0FAE2F00A70322 /* Build configuration list for PBXProject "属性_swift" */;
			compatibilityVersion = "Xcode 3.2";
			developmentRegion = English;
			hasScannedForEncodings = 0;
			knownRegions = (
				en,
				Base,
			);
			mainGroup = 4A15A5E01D0FAE2F00A70322;
			productRefGroup = 4A15A5EA1D0FAE2F00A70322 /* Products */;
			projectDirPath = "";
			projectRoot = "";
			targets = (
				4A15A5E81D0FAE2F00A70322 /* 属性_swift */,
				4A15A5FC1D0FAE2F00A70322 /* 属性_swiftTests */,
				4A15A6071D0FAE3000A70322 /* 属性_swiftUITests */,
			);
		};
/* End PBXProject section */

/* Begin PBXResourcesBuildPhase section */
		4A15A5E71D0FAE2F00A70322 /* Resources */ = {
			isa = PBXResourcesBuildPhase;
			buildActionMask = 2147483647;
			files = (
				4A15A5F71D0FAE2F00A70322 /* LaunchScreen.storyboard in Resources */,
				4A15A5F41D0FAE2F00A70322 /* Assets.xcassets in Resources */,
				4A15A5F21D0FAE2F00A70322 /* Main.storyboard in Resources */,
			);
			runOnlyForDeploymentPostprocessing = 0;
		};
		4A15A5FB1D0FAE2F00A70322 /* Resources */ = {
			isa = PBXResourcesBuildPhase;
			buildActionMask = 2147483647;
			files = (
			);
			runOnlyForDeploymentPostprocessing = 0;
		};
		4A15A6061D0FAE3000A70322 /* Resources */ = {
			isa = PBXResourcesBuildPhase;
			buildActionMask = 2147483647;
			files = (
			);
			runOnlyForDeploymentPostprocessing = 0;
		};
/* End PBXResourcesBuildPhase section */

/* Begin PBXSourcesBuildPhase section */
		4A15A5E51D0FAE2F00A70322 /* Sources */ = {
			isa = PBXSourcesBuildPhase;
			buildActionMask = 2147483647;
			files = (
				4A15A5EF1D0FAE2F00A70322 /* ViewController.swift in Sources */,
				4A15A5ED1D0FAE2F00A70322 /* AppDelegate.swift in Sources */,
			);
			runOnlyForDeploymentPostprocessing = 0;
		};
		4A15A5F91D0FAE2F00A70322 /* Sources */ = {
			isa = PBXSourcesBuildPhase;
			buildActionMask = 2147483647;
			files = (
				4A15A6021D0FAE2F00A70322 /* ___swiftTests.swift in Sources */,
			);
			runOnlyForDeploymentPostprocessing = 0;
		};
		4A15A6041D0FAE3000A70322 /* Sources */ = {
			isa = PBXSourcesBuildPhase;
			buildActionMask = 2147483647;
			files = (
				4A15A60D1D0FAE3000A70322 /* ___swiftUITests.swift in Sources */,
			);
			runOnlyForDeploymentPostprocessing = 0;
		};
/* End PBXSourcesBuildPhase section */

/* Begin PBXTargetDependency section */
		4A15A5FF1D0FAE2F00A70322 /* PBXTargetDependency */ = {
			isa = PBXTargetDependency;
			target = 4A15A5E81D0FAE2F00A70322 /* 属性_swift */;
			targetProxy = 4A15A5FE1D0FAE2F00A70322 /* PBXContainerItemProxy */;
		};
		4A15A60A1D0FAE3000A70322 /* PBXTargetDependency */ = {
			isa = PBXTargetDependency;
			target = 4A15A5E81D0FAE2F00A70322 /* 属性_swift */;
			targetProxy = 4A15A6091D0FAE3000A70322 /* PBXContainerItemProxy */;
		};
/* End PBXTargetDependency section */

/* Begin PBXVariantGroup section */
		4A15A5F01D0FAE2F00A70322 /* Main.storyboard */ = {
			isa = PBXVariantGroup;
			children = (
				4A15A5F11D0FAE2F00A70322 /* Base */,
			);
			name = Main.storyboard;
			sourceTree = "<group>";
		};
		4A15A5F51D0FAE2F00A70322 /* LaunchScreen.storyboard */ = {
			isa = PBXVariantGroup;
			children = (
				4A15A5F61D0FAE2F00A70322 /* Base */,
			);
			name = LaunchScreen.storyboard;
			sourceTree = "<group>";
		};
/* End PBXVariantGroup section */

/* Begin XCBuildConfiguration section */
		4A15A60F1D0FAE3000A70322 /* Debug */ = {
			isa = XCBuildConfiguration;
			buildSettings = {
				ALWAYS_SEARCH_USER_PATHS = NO;
				CLANG_CXX_LANGUAGE_STANDARD = "gnu++0x";
				CLANG_CXX_LIBRARY = "libc++";
				CLANG_ENABLE_MODULES = YES;
				CLANG_ENABLE_OBJC_ARC = YES;
				CLANG_WARN_BOOL_CONVERSION = YES;
				CLANG_WARN_CONSTANT_CONVERSION = YES;
				CLANG_WARN_DIRECT_OBJC_ISA_USAGE = YES_ERROR;
				CLANG_WARN_EMPTY_BODY = YES;
				CLANG_WARN_ENUM_CONVERSION = YES;
				CLANG_WARN_INT_CONVERSION = YES;
				CLANG_WARN_OBJC_ROOT_CLASS = YES_ERROR;
				CLANG_WARN_UNREACHABLE_CODE = YES;
				CLANG_WARN__DUPLICATE_METHOD_MATCH = YES;
				"CODE_SIGN_IDENTITY[sdk=iphoneos*]" = "iPhone Developer";
				COPY_PHASE_STRIP = NO;
				DEBUG_INFORMATION_FORMAT = dwarf;
				ENABLE_STRICT_OBJC_MSGSEND = YES;
				ENABLE_TESTABILITY = YES;
				GCC_C_LANGUAGE_STANDARD = gnu99;
				GCC_DYNAMIC_NO_PIC = NO;
				GCC_NO_COMMON_BLOCKS = YES;
				GCC_OPTIMIZATION_LEVEL = 0;
				GCC_PREPROCESSOR_DEFINITIONS = (
					"DEBUG=1",
					"$(inherited)",
				);
				GCC_WARN_64_TO_32_BIT_CONVERSION = YES;
				GCC_WARN_ABOUT_RETURN_TYPE = YES_ERROR;
				GCC_WARN_UNDECLARED_SELECTOR = YES;
				GCC_WARN_UNINITIALIZED_AUTOS = YES_AGGRESSIVE;
				GCC_WARN_UNUSED_FUNCTION = YES;
				GCC_WARN_UNUSED_VARIABLE = YES;
				IPHONEOS_DEPLOYMENT_TARGET = 9.2;
				MTL_ENABLE_DEBUG_INFO = YES;
				ONLY_ACTIVE_ARCH = YES;
				SDKROOT = iphoneos;
				SWIFT_OPTIMIZATION_LEVEL = "-Onone";
				TARGETED_DEVICE_FAMILY = "1,2";
			};
			name = Debug;
		};
		4A15A6101D0FAE3000A70322 /* Release */ = {
			isa = XCBuildConfiguration;
			buildSettings = {
				ALWAYS_SEARCH_USER_PATHS = NO;
				CLANG_CXX_LANGUAGE_STANDARD = "gnu++0x";
				CLANG_CXX_LIBRARY = "libc++";
				CLANG_ENABLE_MODULES = YES;
				CLANG_ENABLE_OBJC_ARC = YES;
				CLANG_WARN_BOOL_CONVERSION = YES;
				CLANG_WARN_CONSTANT_CONVERSION = YES;
				CLANG_WARN_DIRECT_OBJC_ISA_USAGE = YES_ERROR;
				CLANG_WARN_EMPTY_BODY = YES;
				CLANG_WARN_ENUM_CONVERSION = YES;
				CLANG_WARN_INT_CONVERSION = YES;
				CLANG_WARN_OBJC_ROOT_CLASS = YES_ERROR;
				CLANG_WARN_UNREACHABLE_CODE = YES;
				CLANG_WARN__DUPLICATE_METHOD_MATCH = YES;
				"CODE_SIGN_IDENTITY[sdk=iphoneos*]" = "iPhone Developer";
				COPY_PHASE_STRIP = NO;
				DEBUG_INFORMATION_FORMAT = "dwarf-with-dsym";
				ENABLE_NS_ASSERTIONS = NO;
				ENABLE_STRICT_OBJC_MSGSEND = YES;
				GCC_C_LANGUAGE_STANDARD = gnu99;
				GCC_NO_COMMON_BLOCKS = YES;
				GCC_WARN_64_TO_32_BIT_CONVERSION = YES;
				GCC_WARN_ABOUT_RETURN_TYPE = YES_ERROR;
				GCC_WARN_UNDECLARED_SELECTOR = YES;
				GCC_WARN_UNINITIALIZED_AUTOS = YES_AGGRESSIVE;
				GCC_WARN_UNUSED_FUNCTION = YES;
				GCC_WARN_UNUSED_VARIABLE = YES;
				IPHONEOS_DEPLOYMENT_TARGET = 9.2;
				MTL_ENABLE_DEBUG_INFO = NO;
				SDKROOT = iphoneos;
				TARGETED_DEVICE_FAMILY = "1,2";
				VALIDATE_PRODUCT = YES;
			};
			name = Release;
		};
		4A15A6121D0FAE3000A70322 /* Debug */ = {
			isa = XCBuildConfiguration;
			buildSettings = {
				ASSETCATALOG_COMPILER_APPICON_NAME = AppIcon;
				INFOPLIST_FILE = "属性_swift/Info.plist";
				LD_RUNPATH_SEARCH_PATHS = "$(inherited) @executable_path/Frameworks";
				PRODUCT_BUNDLE_IDENTIFIER = "com.lk.---swift";
				PRODUCT_NAME = "$(TARGET_NAME)";
			};
			name = Debug;
		};
		4A15A6131D0FAE3000A70322 /* Release */ = {
			isa = XCBuildConfiguration;
			buildSettings = {
				ASSETCATALOG_COMPILER_APPICON_NAME = AppIcon;
				INFOPLIST_FILE = "属性_swift/Info.plist";
				LD_RUNPATH_SEARCH_PATHS = "$(inherited) @executable_path/Frameworks";
				PRODUCT_BUNDLE_IDENTIFIER = "com.lk.---swift";
				PRODUCT_NAME = "$(TARGET_NAME)";
			};
			name = Release;
		};
		4A15A6151D0FAE3000A70322 /* Debug */ = {
			isa = XCBuildConfiguration;
			buildSettings = {
				BUNDLE_LOADER = "$(TEST_HOST)";
				INFOPLIST_FILE = "属性_swiftTests/Info.plist";
				LD_RUNPATH_SEARCH_PATHS = "$(inherited) @executable_path/Frameworks @loader_path/Frameworks";
				PRODUCT_BUNDLE_IDENTIFIER = "com.lk.---swiftTests";
				PRODUCT_NAME = "$(TARGET_NAME)";
				TEST_HOST = "$(BUILT_PRODUCTS_DIR)/属性_swift.app/属性_swift";
			};
			name = Debug;
		};
		4A15A6161D0FAE3000A70322 /* Release */ = {
			isa = XCBuildConfiguration;
			buildSettings = {
				BUNDLE_LOADER = "$(TEST_HOST)";
				INFOPLIST_FILE = "属性_swiftTests/Info.plist";
				LD_RUNPATH_SEARCH_PATHS = "$(inherited) @executable_path/Frameworks @loader_path/Frameworks";
				PRODUCT_BUNDLE_IDENTIFIER = "com.lk.---swiftTests";
				PRODUCT_NAME = "$(TARGET_NAME)";
				TEST_HOST = "$(BUILT_PRODUCTS_DIR)/属性_swift.app/属性_swift";
			};
			name = Release;
		};
		4A15A6181D0FAE3000A70322 /* Debug */ = {
			isa = XCBuildConfiguration;
			buildSettings = {
				INFOPLIST_FILE = "属性_swiftUITests/Info.plist";
				LD_RUNPATH_SEARCH_PATHS = "$(inherited) @executable_path/Frameworks @loader_path/Frameworks";
				PRODUCT_BUNDLE_IDENTIFIER = "com.lk.---swiftUITests";
				PRODUCT_NAME = "$(TARGET_NAME)";
				TEST_TARGET_NAME = "属性_swift";
				USES_XCTRUNNER = YES;
			};
			name = Debug;
		};
		4A15A6191D0FAE3000A70322 /* Release */ = {
			isa = XCBuildConfiguration;
			buildSettings = {
				INFOPLIST_FILE = "属性_swiftUITests/Info.plist";
				LD_RUNPATH_SEARCH_PATHS = "$(inherited) @executable_path/Frameworks @loader_path/Frameworks";
				PRODUCT_BUNDLE_IDENTIFIER = "com.lk.---swiftUITests";
				PRODUCT_NAME = "$(TARGET_NAME)";
				TEST_TARGET_NAME = "属性_swift";
				USES_XCTRUNNER = YES;
			};
			name = Release;
		};
/* End XCBuildConfiguration section */

/* Begin XCConfigurationList section */
		4A15A5E41D0FAE2F00A70322 /* Build configuration list for PBXProject "属性_swift" */ = {
			isa = XCConfigurationList;
			buildConfigurations = (
				4A15A60F1D0FAE3000A70322 /* Debug */,
				4A15A6101D0FAE3000A70322 /* Release */,
			);
			defaultConfigurationIsVisible = 0;
			defaultConfigurationName = Release;
		};
		4A15A6111D0FAE3000A70322 /* Build configuration list for PBXNativeTarget "属性_swift" */ = {
			isa = XCConfigurationList;
			buildConfigurations = (
				4A15A6121D0FAE3000A70322 /* Debug */,
				4A15A6131D0FAE3000A70322 /* Release */,
			);
			defaultConfigurationIsVisible = 0;
		};
		4A15A6141D0FAE3000A70322 /* Build configuration list for PBXNativeTarget "属性_swiftTests" */ = {
			isa = XCConfigurationList;
			buildConfigurations = (
				4A15A6151D0FAE3000A70322 /* Debug */,
				4A15A6161D0FAE3000A70322 /* Release */,
			);
			defaultConfigurationIsVisible = 0;
		};
		4A15A6171D0FAE3000A70322 /* Build configuration list for PBXNativeTarget "属性_swiftUITests" */ = {
			isa = XCConfigurationList;
			buildConfigurations = (
				4A15A6181D0FAE3000A70322 /* Debug */,
				4A15A6191D0FAE3000A70322 /* Release */,
			);
			defaultConfigurationIsVisible = 0;
		};
/* End XCConfigurationList section */
	};
	rootObject = 4A15A5E11D0FAE2F00A70322 /* Project object */;
}
